
Microsoft Visual Studio Solution File, Format Version 12.00
# Visual Studio Version 17
VisualStudioVersion = 17.11.35222.181
MinimumVisualStudioVersion = 10.0.40219.1
Project("{9A19103F-16F7-4668-BE54-9A1E7A4F7556}") = "MouseControl.Service", "MouseControl.Service\MouseControl.Service.csproj", "{786900BB-B129-44FF-B572-903E2B2628A1}"
EndProject
Project("{9A19103F-16F7-4668-BE54-9A1E7A4F7556}") = "MouseControl.Domain", "MouseControl.Domain\MouseControl.Domain.csproj", "{526B42DA-69C3-4444-AA1F-4781BC23C02A}"
EndProject
Project("{9A19103F-16F7-4668-BE54-9A1E7A4F7556}") = "MouseControl.Api", "MouseControl.Api\MouseControl.Api.csproj", "{CF058E0A-E592-41FC-8F4C-3928E7FEDE79}"
EndProject
Global
	GlobalSection(SolutionConfigurationPlatforms) = preSolution
		Debug|Any CPU = Debug|Any CPU
		Release|Any CPU = Release|Any CPU
	EndGlobalSection
	GlobalSection(ProjectConfigurationPlatforms) = postSolution
		{786900BB-B129-44FF-B572-903E2B2628A1}.Debug|Any CPU.ActiveCfg = Debug|Any CPU
		{786900BB-B129-44FF-B572-903E2B2628A1}.Debug|Any CPU.Build.0 = Debug|Any CPU
		{786900BB-B129-44FF-B572-903E2B2628A1}.Release|Any CPU.ActiveCfg = Release|Any CPU
		{786900BB-B129-44FF-B572-903E2B2628A1}.Release|Any CPU.Build.0 = Release|Any CPU
		{526B42DA-69C3-4444-AA1F-4781BC23C02A}.Debug|Any CPU.ActiveCfg = Debug|Any CPU
		{526B42DA-69C3-4444-AA1F-4781BC23C02A}.Debug|Any CPU.Build.0 = Debug|Any CPU
		{526B42DA-69C3-4444-AA1F-4781BC23C02A}.Release|Any CPU.ActiveCfg = Release|Any CPU
		{526B42DA-69C3-4444-AA1F-4781BC23C02A}.Release|Any CPU.Build.0 = Release|Any CPU
		{CF058E0A-E592-41FC-8F4C-3928E7FEDE79}.Debug|Any CPU.ActiveCfg = Debug|Any CPU
		{CF058E0A-E592-41FC-8F4C-3928E7FEDE79}.Debug|Any CPU.Build.0 = Debug|Any CPU
		{CF058E0A-E592-41FC-8F4C-3928E7FEDE79}.Release|Any CPU.ActiveCfg = Release|Any CPU
		{CF058E0A-E592-41FC-8F4C-3928E7FEDE79}.Release|Any CPU.Build.0 = Release|Any CPU
	EndGlobalSection
	GlobalSection(SolutionProperties) = preSolution
		HideSolutionNode = FALSE
	EndGlobalSection
	GlobalSection(ExtensibilityGlobals) = postSolution
		SolutionGuid = {0DA8471F-26ED-4D9D-9EA9-63E54E64A735}
	EndGlobalSection
EndGlobal
